
Microsoft Visual Studio Solution File, Format Version 12.00
# Visual Studio Version 16
VisualStudioVersion = 16.0.31729.503
MinimumVisualStudioVersion = 10.0.40219.1
Project("{FAE04EC0-301F-11D3-BF4B-00C04F79EFBC}") = "LSU_Chau_Huynh", "LSU_Chau_Huynh\LSU_Chau_Huynh.csproj", "{CC5D50AF-6CCB-433E-B34A-D637915D1281}"
EndProject
Global
	GlobalSection(SolutionConfigurationPlatforms) = preSolution
		Debug|Any CPU = Debug|Any CPU
		Release|Any CPU = Release|Any CPU
	EndGlobalSection
	GlobalSection(ProjectConfigurationPlatforms) = postSolution
		{CC5D50AF-6CCB-433E-B34A-D637915D1281}.Debug|Any CPU.ActiveCfg = Debug|Any CPU
		{CC5D50AF-6CCB-433E-B34A-D637915D1281}.Debug|Any CPU.Build.0 = Debug|Any CPU
		{CC5D50AF-6CCB-433E-B34A-D637915D1281}.Release|Any CPU.ActiveCfg = Release|Any CPU
		{CC5D50AF-6CCB-433E-B34A-D637915D1281}.Release|Any CPU.Build.0 = Release|Any CPU
	EndGlobalSection
	GlobalSection(SolutionProperties) = preSolution
		HideSolutionNode = FALSE
	EndGlobalSection
	GlobalSection(ExtensibilityGlobals) = postSolution
		SolutionGuid = {83B7E698-D1A0-48DB-9421-935622E9699A}
	EndGlobalSection
EndGlobal
